
Microsoft Visual Studio Solution File, Format Version 12.00
# Visual Studio Version 17
VisualStudioVersion = 17.5.33424.131
MinimumVisualStudioVersion = 10.0.40219.1
Project("{2150E333-8FDC-42A3-9474-1A3956D46DE8}") = "src", "src", "{2527A34E-6471-4D2E-ABBA-1FC3ADF07307}"
EndProject
Project("{2150E333-8FDC-42A3-9474-1A3956D46DE8}") = "services", "services", "{39EAF1BC-CFE0-46B4-9760-0C8C42DE1BD0}"
EndProject
Project("{2150E333-8FDC-42A3-9474-1A3956D46DE8}") = "web", "web", "{AB6444F4-2ECE-4E9B-9C3B-7178C7AE7106}"
EndProject
Project("{9A19103F-16F7-4668-BE54-9A1E7A4F7556}") = "EventsCatalogAPI", "EventsCatalogAPI\EventsCatalogAPI.csproj", "{A3B1B6D2-E23D-4420-9677-82C8973A131E}"
EndProject
Project("{E53339B2-1760-4266-BCC7-CA923CBCF16C}") = "docker-compose", "docker-compose.dcproj", "{F6DB9138-D110-4D56-8D19-18AEEBDAC8DB}"
EndProject
Project("{9A19103F-16F7-4668-BE54-9A1E7A4F7556}") = "WebMvc", "WebMVC\WebMvc.csproj", "{CA9BAAE4-114A-4265-8682-06487D06E0F5}"
EndProject
Project("{9A19103F-16F7-4668-BE54-9A1E7A4F7556}") = "TokenServiceAPI", "..\JewelsOnContainersC15\TokenServiceAPI\TokenServiceAPI.csproj", "{DE9F115B-A0B6-4CB5-8B54-A8589E66B693}"
EndProject
Project("{FAE04EC0-301F-11D3-BF4B-00C04F79EFBC}") = "CartAPI", "CartAPI\CartAPI.csproj", "{87EB565E-610B-406D-A34B-EC6E453CBA85}"
EndProject
Global
	GlobalSection(SolutionConfigurationPlatforms) = preSolution
		Debug|Any CPU = Debug|Any CPU
		Release|Any CPU = Release|Any CPU
	EndGlobalSection
	GlobalSection(ProjectConfigurationPlatforms) = postSolution
		{A3B1B6D2-E23D-4420-9677-82C8973A131E}.Debug|Any CPU.ActiveCfg = Debug|Any CPU
		{A3B1B6D2-E23D-4420-9677-82C8973A131E}.Debug|Any CPU.Build.0 = Debug|Any CPU
		{A3B1B6D2-E23D-4420-9677-82C8973A131E}.Release|Any CPU.ActiveCfg = Release|Any CPU
		{A3B1B6D2-E23D-4420-9677-82C8973A131E}.Release|Any CPU.Build.0 = Release|Any CPU
		{F6DB9138-D110-4D56-8D19-18AEEBDAC8DB}.Debug|Any CPU.ActiveCfg = Debug|Any CPU
		{F6DB9138-D110-4D56-8D19-18AEEBDAC8DB}.Debug|Any CPU.Build.0 = Debug|Any CPU
		{F6DB9138-D110-4D56-8D19-18AEEBDAC8DB}.Release|Any CPU.ActiveCfg = Release|Any CPU
		{F6DB9138-D110-4D56-8D19-18AEEBDAC8DB}.Release|Any CPU.Build.0 = Release|Any CPU
		{CA9BAAE4-114A-4265-8682-06487D06E0F5}.Debug|Any CPU.ActiveCfg = Debug|Any CPU
		{CA9BAAE4-114A-4265-8682-06487D06E0F5}.Debug|Any CPU.Build.0 = Debug|Any CPU
		{CA9BAAE4-114A-4265-8682-06487D06E0F5}.Release|Any CPU.ActiveCfg = Release|Any CPU
		{CA9BAAE4-114A-4265-8682-06487D06E0F5}.Release|Any CPU.Build.0 = Release|Any CPU
		{DE9F115B-A0B6-4CB5-8B54-A8589E66B693}.Debug|Any CPU.ActiveCfg = Debug|Any CPU
		{DE9F115B-A0B6-4CB5-8B54-A8589E66B693}.Debug|Any CPU.Build.0 = Debug|Any CPU
		{DE9F115B-A0B6-4CB5-8B54-A8589E66B693}.Release|Any CPU.ActiveCfg = Release|Any CPU
		{DE9F115B-A0B6-4CB5-8B54-A8589E66B693}.Release|Any CPU.Build.0 = Release|Any CPU
		{87EB565E-610B-406D-A34B-EC6E453CBA85}.Debug|Any CPU.ActiveCfg = Debug|Any CPU
		{87EB565E-610B-406D-A34B-EC6E453CBA85}.Debug|Any CPU.Build.0 = Debug|Any CPU
		{87EB565E-610B-406D-A34B-EC6E453CBA85}.Release|Any CPU.ActiveCfg = Release|Any CPU
		{87EB565E-610B-406D-A34B-EC6E453CBA85}.Release|Any CPU.Build.0 = Release|Any CPU
	EndGlobalSection
	GlobalSection(SolutionProperties) = preSolution
		HideSolutionNode = FALSE
	EndGlobalSection
	GlobalSection(NestedProjects) = preSolution
		{39EAF1BC-CFE0-46B4-9760-0C8C42DE1BD0} = {2527A34E-6471-4D2E-ABBA-1FC3ADF07307}
		{AB6444F4-2ECE-4E9B-9C3B-7178C7AE7106} = {2527A34E-6471-4D2E-ABBA-1FC3ADF07307}
		{A3B1B6D2-E23D-4420-9677-82C8973A131E} = {39EAF1BC-CFE0-46B4-9760-0C8C42DE1BD0}
		{CA9BAAE4-114A-4265-8682-06487D06E0F5} = {AB6444F4-2ECE-4E9B-9C3B-7178C7AE7106}
		{DE9F115B-A0B6-4CB5-8B54-A8589E66B693} = {39EAF1BC-CFE0-46B4-9760-0C8C42DE1BD0}
		{87EB565E-610B-406D-A34B-EC6E453CBA85} = {39EAF1BC-CFE0-46B4-9760-0C8C42DE1BD0}
	EndGlobalSection
	GlobalSection(ExtensibilityGlobals) = postSolution
		SolutionGuid = {66474FBD-D74B-434C-859E-C40A1878E86B}
	EndGlobalSection
EndGlobal
